
Microsoft Visual Studio Solution File, Format Version 12.00
# Visual Studio Version 17
VisualStudioVersion = 17.9.34310.174
MinimumVisualStudioVersion = 10.0.40219.1
Project("{9A19103F-16F7-4668-BE54-9A1E7A4F7556}") = "DotNetCore.Mps.Runtime", "src\DotNetCore.Mps.Runtime.csproj", "{0496C37A-A464-4519-9B7F-A11BA799E42F}"
EndProject
Project("{9A19103F-16F7-4668-BE54-9A1E7A4F7556}") = "DotNetCore.Mps.Runtime.Tests", "test\DotNetCore.Mps.Runtime.Tests.csproj", "{829B043A-D75B-4CEB-A4AE-9D0EA018AFD2}"
EndProject
Project("{2150E333-8FDC-42A3-9474-1A3956D46DE8}") = "Solution Items", "Solution Items", "{0B8E1095-2D02-4F1A-88BF-E87B9DFE36A4}"
	ProjectSection(SolutionItems) = preProject
		.gitattributes = .gitattributes
		.gitignore = .gitignore
		Directory.Build.props = Directory.Build.props
		Directory.Build.targets = Directory.Build.targets
		global.json = global.json
		LICENSE.txt = LICENSE.txt
		README.md = README.md
	EndProjectSection
EndProject
Global
	GlobalSection(SolutionConfigurationPlatforms) = preSolution
		Debug|Any CPU = Debug|Any CPU
		Release|Any CPU = Release|Any CPU
	EndGlobalSection
	GlobalSection(ProjectConfigurationPlatforms) = postSolution
		{0496C37A-A464-4519-9B7F-A11BA799E42F}.Debug|Any CPU.ActiveCfg = Debug|Any CPU
		{0496C37A-A464-4519-9B7F-A11BA799E42F}.Debug|Any CPU.Build.0 = Debug|Any CPU
		{0496C37A-A464-4519-9B7F-A11BA799E42F}.Release|Any CPU.ActiveCfg = Release|Any CPU
		{0496C37A-A464-4519-9B7F-A11BA799E42F}.Release|Any CPU.Build.0 = Release|Any CPU
		{829B043A-D75B-4CEB-A4AE-9D0EA018AFD2}.Debug|Any CPU.ActiveCfg = Debug|Any CPU
		{829B043A-D75B-4CEB-A4AE-9D0EA018AFD2}.Debug|Any CPU.Build.0 = Debug|Any CPU
		{829B043A-D75B-4CEB-A4AE-9D0EA018AFD2}.Release|Any CPU.ActiveCfg = Release|Any CPU
		{829B043A-D75B-4CEB-A4AE-9D0EA018AFD2}.Release|Any CPU.Build.0 = Release|Any CPU
	EndGlobalSection
	GlobalSection(SolutionProperties) = preSolution
		HideSolutionNode = FALSE
	EndGlobalSection
	GlobalSection(ExtensibilityGlobals) = postSolution
		SolutionGuid = {BD17675A-37E5-418A-994B-2F44B9DDD6F9}
	EndGlobalSection
EndGlobal
